
Microsoft Visual Studio Solution File, Format Version 12.00
# Visual Studio Version 16
VisualStudioVersion = 16.0.29123.88
MinimumVisualStudioVersion = 10.0.40219.1
Project("{FAE04EC0-301F-11D3-BF4B-00C04F79EFBC}") = "CEPA.CCO.Entidades", "CEPA.CCO.Entidades\CEPA.CCO.Entidades.csproj", "{6C666892-7A38-44AD-A43C-9BE068CF8B37}"
EndProject
Project("{FAE04EC0-301F-11D3-BF4B-00C04F79EFBC}") = "CEPA.CCO.DAL", "CEPA.CCO.DAL\CEPA.CCO.DAL.csproj", "{2FFBBB22-7C92-4C98-B1A8-145DE0ECD864}"
EndProject
Project("{FAE04EC0-301F-11D3-BF4B-00C04F79EFBC}") = "CEPA.CCO.BL", "CEPA.CCO.BL\CEPA.CCO.BL.csproj", "{15457455-AD5F-410C-ADED-BFB964451A02}"
EndProject
Project("{FAE04EC0-301F-11D3-BF4B-00C04F79EFBC}") = "CEPA.CCO.Linq", "CEPA.CCO.Linq\CEPA.CCO.Linq.csproj", "{24BE033E-8BD5-4A18-8274-C2B501B32571}"
EndProject
Project("{FAE04EC0-301F-11D3-BF4B-00C04F79EFBC}") = "CEPA.CCO.Service", "CEPA.CCO.Service\CEPA.CCO.Service.csproj", "{F97EE7E2-C01C-425C-8387-AD09F4F5F8D4}"
EndProject
Project("{FAE04EC0-301F-11D3-BF4B-00C04F79EFBC}") = "CEPA.Estilo", "..\CEPA.Estilo\CEPA.Estilo\CEPA.Estilo.csproj", "{4041A2CE-C37F-4779-A2BF-4BB201111873}"
EndProject
Project("{FAE04EC0-301F-11D3-BF4B-00C04F79EFBC}") = "CEPA.CCO.SerRecep", "CEPA.CCO.SerRecep\CEPA.CCO.SerRecep.csproj", "{8DBF0D04-E9C7-4FDC-AA97-ADEBA3B3D532}"
EndProject
Project("{54435603-DBB4-11D2-8724-00A0C9A8B90C}") = "CEPA.CCO.InstallRecep", "CEPA.CCO.InstallRecep\CEPA.CCO.InstallRecep.vdproj", "{E70D1306-F857-41F1-A6F3-84A90A4E1EDE}"
EndProject
Project("{FAE04EC0-301F-11D3-BF4B-00C04F79EFBC}") = "CEPA.CCO.UI.Web.Consulta", "CEPA.CCO.UI.Web.Consulta\CEPA.CCO.UI.Web.Consulta.csproj", "{A5ED2CA4-7376-4038-958E-19563EEB8502}"
EndProject
Project("{FAE04EC0-301F-11D3-BF4B-00C04F79EFBC}") = "CEPA.CCO.TareasProgram", "CEPA.CCO.TareasProgram\CEPA.CCO.TareasProgram.csproj", "{5B2BA019-B185-40DB-844C-B6DA1ED95C37}"
EndProject
Project("{FAE04EC0-301F-11D3-BF4B-00C04F79EFBC}") = "CEPA.CCO.UI.Web.CLIENTES", "CEPA.CCO.UI.Web.CLIENTES\CEPA.CCO.UI.Web.CLIENTES.csproj", "{92C771C6-DBA7-4178-95C8-D3E5757CC510}"
	ProjectSection(ProjectDependencies) = postProject
		{2FFBBB22-7C92-4C98-B1A8-145DE0ECD864} = {2FFBBB22-7C92-4C98-B1A8-145DE0ECD864}
		{24BE033E-8BD5-4A18-8274-C2B501B32571} = {24BE033E-8BD5-4A18-8274-C2B501B32571}
		{15457455-AD5F-410C-ADED-BFB964451A02} = {15457455-AD5F-410C-ADED-BFB964451A02}
		{6C666892-7A38-44AD-A43C-9BE068CF8B37} = {6C666892-7A38-44AD-A43C-9BE068CF8B37}
	EndProjectSection
EndProject
Project("{FAE04EC0-301F-11D3-BF4B-00C04F79EFBC}") = "CEPA.CCO.ServMONITOR", "CEPA.CCO.ServMONITOR\CEPA.CCO.ServMONITOR.csproj", "{42B4AD6D-124B-4D8A-B5D8-B53DE48191CE}"
EndProject
Project("{54435603-DBB4-11D2-8724-00A0C9A8B90C}") = "CEPA.CCO.IAduaServi", "CEPA.CCO.IAduaServi\CEPA.CCO.IAduaServi.vdproj", "{15CB6806-B0C6-4DE0-8B64-FF5B03602683}"
EndProject
Project("{FAE04EC0-301F-11D3-BF4B-00C04F79EFBC}") = "CEPA.CCO.AduanaService", "CEPA.CCO.AduanaService\CEPA.CCO.AduanaService.csproj", "{C104EC06-8922-4DEC-9A38-BDC17ECDAA64}"
EndProject
Project("{FAE04EC0-301F-11D3-BF4B-00C04F79EFBC}") = "CEPA.CCO.MobilConte", "CEPA.CCO.MobilConte\CEPA.CCO.MobilConte.csproj", "{0E1A1E85-70E9-4A1B-B0BA-0ECA79491268}"
EndProject
Project("{2150E333-8FDC-42A3-9474-1A3956D46DE8}") = ".nuget", ".nuget", "{3ED59A1B-178A-466C-A397-448004F70D25}"
	ProjectSection(SolutionItems) = preProject
		.nuget\NuGet.Config = .nuget\NuGet.Config
		.nuget\NuGet.exe = .nuget\NuGet.exe
		.nuget\NuGet.targets = .nuget\NuGet.targets
	EndProjectSection
EndProject
Project("{FAE04EC0-301F-11D3-BF4B-00C04F79EFBC}") = "CEPA.CCO.Srv.Web", "CEPA.CCO.Srv.Web\CEPA.CCO.Srv.Web.csproj", "{2120AFA9-5932-410C-A157-86DADBBBD50C}"
EndProject
Project("{FAE04EC0-301F-11D3-BF4B-00C04F79EFBC}") = "CEPA.CCO.App.TransferMani", "CEPA.CCO.App.TransferMani\CEPA.CCO.App.TransferMani.csproj", "{21193777-ACA7-486C-815E-2CD536791184}"
EndProject
Project("{FAE04EC0-301F-11D3-BF4B-00C04F79EFBC}") = "CEPA.CCO.UI.Web", "CEPA.CCO.UI.Web\CEPA.CCO.UI.Web.csproj", "{329C81EC-EE9A-4447-8FD2-1EBC25ED246E}"
EndProject
Project("{FAE04EC0-301F-11D3-BF4B-00C04F79EFBC}") = "CEPA.CCO.Srv.Test", "CEPA.CCO.Srv.Test\CEPA.CCO.Srv.Test.csproj", "{392F987F-CFBA-4475-AE3B-114189E7E2AD}"
EndProject
Project("{54435603-DBB4-11D2-8724-00A0C9A8B90C}") = "CEPA.CCO.IMonitor", "CEPA.CCO.IMonitor\CEPA.CCO.IMonitor.vdproj", "{ECC2B980-54ED-4AAD-BE84-68374D1EA8C8}"
EndProject
Project("{FAE04EC0-301F-11D3-BF4B-00C04F79EFBC}") = "CEPA.CCO.UI.Web.DANUCC", "CEPA.CCO.UI.Web.DANUCC\CEPA.CCO.UI.Web.DANUCC.csproj", "{6A88A0CC-FBDD-4F7B-8AD2-FC75CD16387B}"
EndProject
Project("{FAE04EC0-301F-11D3-BF4B-00C04F79EFBC}") = "CEPA.CCO.UI.Web.Tracking", "CEPA.CCO.UI.Web.Tracking\CEPA.CCO.UI.Web.Tracking.csproj", "{8C854308-05CB-44B8-BDED-C225C337B6B0}"
	ProjectSection(ProjectDependencies) = postProject
		{2120AFA9-5932-410C-A157-86DADBBBD50C} = {2120AFA9-5932-410C-A157-86DADBBBD50C}
	EndProjectSection
EndProject
Project("{FAE04EC0-301F-11D3-BF4B-00C04F79EFBC}") = "CEPA.CCO.UI.Web.Bodega", "CEPA.CCO.UI.Web.Bodega\CEPA.CCO.UI.Web.Bodega.csproj", "{0BE2243F-2D77-428D-BBF7-44784E3ABE4E}"
EndProject
Project("{FAE04EC0-301F-11D3-BF4B-00C04F79EFBC}") = "CEPA.CCO.MobilPatio", "CEPA.CCO.MobilPatio\CEPA.CCO.MobilPatio.csproj", "{018D5FCF-98F3-4F18-9A3D-E8026A90D305}"
EndProject
Project("{FAE04EC0-301F-11D3-BF4B-00C04F79EFBC}") = "CEPA.CCO.UI.Web.PatioRecep", "CEPA.CCO.UI.Web.PatioRecep\CEPA.CCO.UI.Web.PatioRecep.csproj", "{AB279083-1244-4E33-A12E-E70574019A0B}"
EndProject
Global
	GlobalSection(SolutionConfigurationPlatforms) = preSolution
		Debug|Any CPU = Debug|Any CPU
		Debug|Mixed Platforms = Debug|Mixed Platforms
		Debug|x64 = Debug|x64
		Debug|x86 = Debug|x86
		Release|Any CPU = Release|Any CPU
		Release|Mixed Platforms = Release|Mixed Platforms
		Release|x64 = Release|x64
		Release|x86 = Release|x86
	EndGlobalSection
	GlobalSection(ProjectConfigurationPlatforms) = postSolution
		{6C666892-7A38-44AD-A43C-9BE068CF8B37}.Debug|Any CPU.ActiveCfg = Debug|Any CPU
		{6C666892-7A38-44AD-A43C-9BE068CF8B37}.Debug|Any CPU.Build.0 = Debug|Any CPU
		{6C666892-7A38-44AD-A43C-9BE068CF8B37}.Debug|Mixed Platforms.ActiveCfg = Debug|Any CPU
		{6C666892-7A38-44AD-A43C-9BE068CF8B37}.Debug|Mixed Platforms.Build.0 = Debug|Any CPU
		{6C666892-7A38-44AD-A43C-9BE068CF8B37}.Debug|x64.ActiveCfg = Debug|Any CPU
		{6C666892-7A38-44AD-A43C-9BE068CF8B37}.Debug|x86.ActiveCfg = Debug|x86
		{6C666892-7A38-44AD-A43C-9BE068CF8B37}.Debug|x86.Build.0 = Debug|x86
		{6C666892-7A38-44AD-A43C-9BE068CF8B37}.Release|Any CPU.ActiveCfg = Release|Any CPU
		{6C666892-7A38-44AD-A43C-9BE068CF8B37}.Release|Any CPU.Build.0 = Release|Any CPU
		{6C666892-7A38-44AD-A43C-9BE068CF8B37}.Release|Mixed Platforms.ActiveCfg = Release|Any CPU
		{6C666892-7A38-44AD-A43C-9BE068CF8B37}.Release|Mixed Platforms.Build.0 = Release|Any CPU
		{6C666892-7A38-44AD-A43C-9BE068CF8B37}.Release|x64.ActiveCfg = Release|Any CPU
		{6C666892-7A38-44AD-A43C-9BE068CF8B37}.Release|x86.ActiveCfg = Release|Any CPU
		{2FFBBB22-7C92-4C98-B1A8-145DE0ECD864}.Debug|Any CPU.ActiveCfg = Debug|Any CPU
		{2FFBBB22-7C92-4C98-B1A8-145DE0ECD864}.Debug|Any CPU.Build.0 = Debug|Any CPU
		{2FFBBB22-7C92-4C98-B1A8-145DE0ECD864}.Debug|Mixed Platforms.ActiveCfg = Debug|Any CPU
		{2FFBBB22-7C92-4C98-B1A8-145DE0ECD864}.Debug|Mixed Platforms.Build.0 = Debug|Any CPU
		{2FFBBB22-7C92-4C98-B1A8-145DE0ECD864}.Debug|x64.ActiveCfg = Debug|Any CPU
		{2FFBBB22-7C92-4C98-B1A8-145DE0ECD864}.Debug|x86.ActiveCfg = Debug|x86
		{2FFBBB22-7C92-4C98-B1A8-145DE0ECD864}.Debug|x86.Build.0 = Debug|x86
		{2FFBBB22-7C92-4C98-B1A8-145DE0ECD864}.Release|Any CPU.ActiveCfg = Release|Any CPU
		{2FFBBB22-7C92-4C98-B1A8-145DE0ECD864}.Release|Any CPU.Build.0 = Release|Any CPU
		{2FFBBB22-7C92-4C98-B1A8-145DE0ECD864}.Release|Mixed Platforms.ActiveCfg = Release|Any CPU
		{2FFBBB22-7C92-4C98-B1A8-145DE0ECD864}.Release|Mixed Platforms.Build.0 = Release|Any CPU
		{2FFBBB22-7C92-4C98-B1A8-145DE0ECD864}.Release|x64.ActiveCfg = Release|Any CPU
		{2FFBBB22-7C92-4C98-B1A8-145DE0ECD864}.Release|x86.ActiveCfg = Release|Any CPU
		{15457455-AD5F-410C-ADED-BFB964451A02}.Debug|Any CPU.ActiveCfg = Debug|Any CPU
		{15457455-AD5F-410C-ADED-BFB964451A02}.Debug|Any CPU.Build.0 = Debug|Any CPU
		{15457455-AD5F-410C-ADED-BFB964451A02}.Debug|Mixed Platforms.ActiveCfg = Debug|Any CPU
		{15457455-AD5F-410C-ADED-BFB964451A02}.Debug|Mixed Platforms.Build.0 = Debug|Any CPU
		{15457455-AD5F-410C-ADED-BFB964451A02}.Debug|x64.ActiveCfg = Debug|x64
		{15457455-AD5F-410C-ADED-BFB964451A02}.Debug|x64.Build.0 = Debug|x64
		{15457455-AD5F-410C-ADED-BFB964451A02}.Debug|x86.ActiveCfg = Debug|x86
		{15457455-AD5F-410C-ADED-BFB964451A02}.Debug|x86.Build.0 = Debug|x86
		{15457455-AD5F-410C-ADED-BFB964451A02}.Release|Any CPU.ActiveCfg = Release|Any CPU
		{15457455-AD5F-410C-ADED-BFB964451A02}.Release|Any CPU.Build.0 = Release|Any CPU
		{15457455-AD5F-410C-ADED-BFB964451A02}.Release|Mixed Platforms.ActiveCfg = Release|Any CPU
		{15457455-AD5F-410C-ADED-BFB964451A02}.Release|Mixed Platforms.Build.0 = Release|Any CPU
		{15457455-AD5F-410C-ADED-BFB964451A02}.Release|x64.ActiveCfg = Release|x64
		{15457455-AD5F-410C-ADED-BFB964451A02}.Release|x64.Build.0 = Release|x64
		{15457455-AD5F-410C-ADED-BFB964451A02}.Release|x86.ActiveCfg = Release|Any CPU
		{24BE033E-8BD5-4A18-8274-C2B501B32571}.Debug|Any CPU.ActiveCfg = Debug|Any CPU
		{24BE033E-8BD5-4A18-8274-C2B501B32571}.Debug|Any CPU.Build.0 = Debug|Any CPU
		{24BE033E-8BD5-4A18-8274-C2B501B32571}.Debug|Mixed Platforms.ActiveCfg = Debug|Any CPU
		{24BE033E-8BD5-4A18-8274-C2B501B32571}.Debug|Mixed Platforms.Build.0 = Debug|Any CPU
		{24BE033E-8BD5-4A18-8274-C2B501B32571}.Debug|x64.ActiveCfg = Debug|Any CPU
		{24BE033E-8BD5-4A18-8274-C2B501B32571}.Debug|x86.ActiveCfg = Debug|Any CPU
		{24BE033E-8BD5-4A18-8274-C2B501B32571}.Debug|x86.Build.0 = Debug|Any CPU
		{24BE033E-8BD5-4A18-8274-C2B501B32571}.Release|Any CPU.ActiveCfg = Release|Any CPU
		{24BE033E-8BD5-4A18-8274-C2B501B32571}.Release|Any CPU.Build.0 = Release|Any CPU
		{24BE033E-8BD5-4A18-8274-C2B501B32571}.Release|Mixed Platforms.ActiveCfg = Release|Any CPU
		{24BE033E-8BD5-4A18-8274-C2B501B32571}.Release|Mixed Platforms.Build.0 = Release|Any CPU
		{24BE033E-8BD5-4A18-8274-C2B501B32571}.Release|x64.ActiveCfg = Release|Any CPU
		{24BE033E-8BD5-4A18-8274-C2B501B32571}.Release|x86.ActiveCfg = Release|Any CPU
		{F97EE7E2-C01C-425C-8387-AD09F4F5F8D4}.Debug|Any CPU.ActiveCfg = Debug|x86
		{F97EE7E2-C01C-425C-8387-AD09F4F5F8D4}.Debug|Mixed Platforms.ActiveCfg = Debug|x86
		{F97EE7E2-C01C-425C-8387-AD09F4F5F8D4}.Debug|Mixed Platforms.Build.0 = Debug|x86
		{F97EE7E2-C01C-425C-8387-AD09F4F5F8D4}.Debug|x64.ActiveCfg = Debug|x86
		{F97EE7E2-C01C-425C-8387-AD09F4F5F8D4}.Debug|x86.ActiveCfg = Debug|x86
		{F97EE7E2-C01C-425C-8387-AD09F4F5F8D4}.Debug|x86.Build.0 = Debug|x86
		{F97EE7E2-C01C-425C-8387-AD09F4F5F8D4}.Release|Any CPU.ActiveCfg = Release|x86
		{F97EE7E2-C01C-425C-8387-AD09F4F5F8D4}.Release|Mixed Platforms.ActiveCfg = Release|x86
		{F97EE7E2-C01C-425C-8387-AD09F4F5F8D4}.Release|Mixed Platforms.Build.0 = Release|x86
		{F97EE7E2-C01C-425C-8387-AD09F4F5F8D4}.Release|x64.ActiveCfg = Release|x86
		{F97EE7E2-C01C-425C-8387-AD09F4F5F8D4}.Release|x86.ActiveCfg = Release|x86
		{F97EE7E2-C01C-425C-8387-AD09F4F5F8D4}.Release|x86.Build.0 = Release|x86
		{4041A2CE-C37F-4779-A2BF-4BB201111873}.Debug|Any CPU.ActiveCfg = Debug|Any CPU
		{4041A2CE-C37F-4779-A2BF-4BB201111873}.Debug|Any CPU.Build.0 = Debug|Any CPU
		{4041A2CE-C37F-4779-A2BF-4BB201111873}.Debug|Mixed Platforms.ActiveCfg = Debug|Any CPU
		{4041A2CE-C37F-4779-A2BF-4BB201111873}.Debug|Mixed Platforms.Build.0 = Debug|Any CPU
		{4041A2CE-C37F-4779-A2BF-4BB201111873}.Debug|x64.ActiveCfg = Debug|Any CPU
		{4041A2CE-C37F-4779-A2BF-4BB201111873}.Debug|x86.ActiveCfg = Debug|x86
		{4041A2CE-C37F-4779-A2BF-4BB201111873}.Debug|x86.Build.0 = Debug|x86
		{4041A2CE-C37F-4779-A2BF-4BB201111873}.Release|Any CPU.ActiveCfg = Release|Any CPU
		{4041A2CE-C37F-4779-A2BF-4BB201111873}.Release|Any CPU.Build.0 = Release|Any CPU
		{4041A2CE-C37F-4779-A2BF-4BB201111873}.Release|Mixed Platforms.ActiveCfg = Release|Any CPU
		{4041A2CE-C37F-4779-A2BF-4BB201111873}.Release|Mixed Platforms.Build.0 = Release|Any CPU
		{4041A2CE-C37F-4779-A2BF-4BB201111873}.Release|x64.ActiveCfg = Release|Any CPU
		{4041A2CE-C37F-4779-A2BF-4BB201111873}.Release|x86.ActiveCfg = Release|Any CPU
		{8DBF0D04-E9C7-4FDC-AA97-ADEBA3B3D532}.Debug|Any CPU.ActiveCfg = Debug|x86
		{8DBF0D04-E9C7-4FDC-AA97-ADEBA3B3D532}.Debug|Mixed Platforms.ActiveCfg = Debug|x86
		{8DBF0D04-E9C7-4FDC-AA97-ADEBA3B3D532}.Debug|Mixed Platforms.Build.0 = Debug|x86
		{8DBF0D04-E9C7-4FDC-AA97-ADEBA3B3D532}.Debug|x64.ActiveCfg = Debug|x86
		{8DBF0D04-E9C7-4FDC-AA97-ADEBA3B3D532}.Debug|x86.ActiveCfg = Debug|x86
		{8DBF0D04-E9C7-4FDC-AA97-ADEBA3B3D532}.Debug|x86.Build.0 = Debug|x86
		{8DBF0D04-E9C7-4FDC-AA97-ADEBA3B3D532}.Release|Any CPU.ActiveCfg = Release|x86
		{8DBF0D04-E9C7-4FDC-AA97-ADEBA3B3D532}.Release|Mixed Platforms.ActiveCfg = Release|x86
		{8DBF0D04-E9C7-4FDC-AA97-ADEBA3B3D532}.Release|Mixed Platforms.Build.0 = Release|x86
		{8DBF0D04-E9C7-4FDC-AA97-ADEBA3B3D532}.Release|x64.ActiveCfg = Release|x86
		{8DBF0D04-E9C7-4FDC-AA97-ADEBA3B3D532}.Release|x86.ActiveCfg = Release|x86
		{8DBF0D04-E9C7-4FDC-AA97-ADEBA3B3D532}.Release|x86.Build.0 = Release|x86
		{E70D1306-F857-41F1-A6F3-84A90A4E1EDE}.Debug|Any CPU.ActiveCfg = Debug
		{E70D1306-F857-41F1-A6F3-84A90A4E1EDE}.Debug|Mixed Platforms.ActiveCfg = Debug
		{E70D1306-F857-41F1-A6F3-84A90A4E1EDE}.Debug|x64.ActiveCfg = Debug
		{E70D1306-F857-41F1-A6F3-84A90A4E1EDE}.Debug|x64.Build.0 = Debug
		{E70D1306-F857-41F1-A6F3-84A90A4E1EDE}.Debug|x86.ActiveCfg = Debug
		{E70D1306-F857-41F1-A6F3-84A90A4E1EDE}.Release|Any CPU.ActiveCfg = Release
		{E70D1306-F857-41F1-A6F3-84A90A4E1EDE}.Release|Mixed Platforms.ActiveCfg = Release
		{E70D1306-F857-41F1-A6F3-84A90A4E1EDE}.Release|x64.ActiveCfg = Release
		{E70D1306-F857-41F1-A6F3-84A90A4E1EDE}.Release|x64.Build.0 = Release
		{E70D1306-F857-41F1-A6F3-84A90A4E1EDE}.Release|x86.ActiveCfg = Release
		{A5ED2CA4-7376-4038-958E-19563EEB8502}.Debug|Any CPU.ActiveCfg = Debug|Any CPU
		{A5ED2CA4-7376-4038-958E-19563EEB8502}.Debug|Any CPU.Build.0 = Debug|Any CPU
		{A5ED2CA4-7376-4038-958E-19563EEB8502}.Debug|Mixed Platforms.ActiveCfg = Debug|Any CPU
		{A5ED2CA4-7376-4038-958E-19563EEB8502}.Debug|Mixed Platforms.Build.0 = Debug|Any CPU
		{A5ED2CA4-7376-4038-958E-19563EEB8502}.Debug|x64.ActiveCfg = Debug|Any CPU
		{A5ED2CA4-7376-4038-958E-19563EEB8502}.Debug|x86.ActiveCfg = Debug|x86
		{A5ED2CA4-7376-4038-958E-19563EEB8502}.Release|Any CPU.ActiveCfg = Release|Any CPU
		{A5ED2CA4-7376-4038-958E-19563EEB8502}.Release|Any CPU.Build.0 = Release|Any CPU
		{A5ED2CA4-7376-4038-958E-19563EEB8502}.Release|Mixed Platforms.ActiveCfg = Release|Any CPU
		{A5ED2CA4-7376-4038-958E-19563EEB8502}.Release|Mixed Platforms.Build.0 = Release|Any CPU
		{A5ED2CA4-7376-4038-958E-19563EEB8502}.Release|x64.ActiveCfg = Release|Any CPU
		{A5ED2CA4-7376-4038-958E-19563EEB8502}.Release|x86.ActiveCfg = Release|Any CPU
		{5B2BA019-B185-40DB-844C-B6DA1ED95C37}.Debug|Any CPU.ActiveCfg = Debug|x86
		{5B2BA019-B185-40DB-844C-B6DA1ED95C37}.Debug|Mixed Platforms.ActiveCfg = Debug|x86
		{5B2BA019-B185-40DB-844C-B6DA1ED95C37}.Debug|Mixed Platforms.Build.0 = Debug|x86
		{5B2BA019-B185-40DB-844C-B6DA1ED95C37}.Debug|x64.ActiveCfg = Debug|x86
		{5B2BA019-B185-40DB-844C-B6DA1ED95C37}.Debug|x86.ActiveCfg = Release|x86
		{5B2BA019-B185-40DB-844C-B6DA1ED95C37}.Debug|x86.Build.0 = Release|x86
		{5B2BA019-B185-40DB-844C-B6DA1ED95C37}.Release|Any CPU.ActiveCfg = Release|x86
		{5B2BA019-B185-40DB-844C-B6DA1ED95C37}.Release|Mixed Platforms.ActiveCfg = Release|x86
		{5B2BA019-B185-40DB-844C-B6DA1ED95C37}.Release|Mixed Platforms.Build.0 = Release|x86
		{5B2BA019-B185-40DB-844C-B6DA1ED95C37}.Release|x64.ActiveCfg = Release|x86
		{5B2BA019-B185-40DB-844C-B6DA1ED95C37}.Release|x86.ActiveCfg = Release|x86
		{5B2BA019-B185-40DB-844C-B6DA1ED95C37}.Release|x86.Build.0 = Release|x86
		{92C771C6-DBA7-4178-95C8-D3E5757CC510}.Debug|Any CPU.ActiveCfg = Debug|Any CPU
		{92C771C6-DBA7-4178-95C8-D3E5757CC510}.Debug|Any CPU.Build.0 = Debug|Any CPU
		{92C771C6-DBA7-4178-95C8-D3E5757CC510}.Debug|Mixed Platforms.ActiveCfg = Debug|Any CPU
		{92C771C6-DBA7-4178-95C8-D3E5757CC510}.Debug|Mixed Platforms.Build.0 = Debug|Any CPU
		{92C771C6-DBA7-4178-95C8-D3E5757CC510}.Debug|x64.ActiveCfg = Debug|Any CPU
		{92C771C6-DBA7-4178-95C8-D3E5757CC510}.Debug|x86.ActiveCfg = Debug|x86
		{92C771C6-DBA7-4178-95C8-D3E5757CC510}.Debug|x86.Build.0 = Debug|x86
		{92C771C6-DBA7-4178-95C8-D3E5757CC510}.Release|Any CPU.ActiveCfg = Release|Any CPU
		{92C771C6-DBA7-4178-95C8-D3E5757CC510}.Release|Any CPU.Build.0 = Release|Any CPU
		{92C771C6-DBA7-4178-95C8-D3E5757CC510}.Release|Mixed Platforms.ActiveCfg = Release|Any CPU
		{92C771C6-DBA7-4178-95C8-D3E5757CC510}.Release|Mixed Platforms.Build.0 = Release|Any CPU
		{92C771C6-DBA7-4178-95C8-D3E5757CC510}.Release|x64.ActiveCfg = Release|Any CPU
		{92C771C6-DBA7-4178-95C8-D3E5757CC510}.Release|x86.ActiveCfg = Release|Any CPU
		{42B4AD6D-124B-4D8A-B5D8-B53DE48191CE}.Debug|Any CPU.ActiveCfg = Debug|x86
		{42B4AD6D-124B-4D8A-B5D8-B53DE48191CE}.Debug|Any CPU.Build.0 = Debug|x86
		{42B4AD6D-124B-4D8A-B5D8-B53DE48191CE}.Debug|Mixed Platforms.ActiveCfg = Debug|Any CPU
		{42B4AD6D-124B-4D8A-B5D8-B53DE48191CE}.Debug|Mixed Platforms.Build.0 = Debug|Any CPU
		{42B4AD6D-124B-4D8A-B5D8-B53DE48191CE}.Debug|x64.ActiveCfg = Debug|Any CPU
		{42B4AD6D-124B-4D8A-B5D8-B53DE48191CE}.Debug|x86.ActiveCfg = Debug|x86
		{42B4AD6D-124B-4D8A-B5D8-B53DE48191CE}.Release|Any CPU.ActiveCfg = Release|Any CPU
		{42B4AD6D-124B-4D8A-B5D8-B53DE48191CE}.Release|Any CPU.Build.0 = Release|Any CPU
		{42B4AD6D-124B-4D8A-B5D8-B53DE48191CE}.Release|Mixed Platforms.ActiveCfg = Release|Any CPU
		{42B4AD6D-124B-4D8A-B5D8-B53DE48191CE}.Release|Mixed Platforms.Build.0 = Release|Any CPU
		{42B4AD6D-124B-4D8A-B5D8-B53DE48191CE}.Release|x64.ActiveCfg = Release|Any CPU
		{42B4AD6D-124B-4D8A-B5D8-B53DE48191CE}.Release|x86.ActiveCfg = Release|Any CPU
		{15CB6806-B0C6-4DE0-8B64-FF5B03602683}.Debug|Any CPU.ActiveCfg = Debug
		{15CB6806-B0C6-4DE0-8B64-FF5B03602683}.Debug|Mixed Platforms.ActiveCfg = Debug
		{15CB6806-B0C6-4DE0-8B64-FF5B03602683}.Debug|x64.ActiveCfg = Debug
		{15CB6806-B0C6-4DE0-8B64-FF5B03602683}.Debug|x64.Build.0 = Debug
		{15CB6806-B0C6-4DE0-8B64-FF5B03602683}.Debug|x86.ActiveCfg = Release
		{15CB6806-B0C6-4DE0-8B64-FF5B03602683}.Release|Any CPU.ActiveCfg = Release
		{15CB6806-B0C6-4DE0-8B64-FF5B03602683}.Release|Mixed Platforms.ActiveCfg = Release
		{15CB6806-B0C6-4DE0-8B64-FF5B03602683}.Release|x64.ActiveCfg = Release
		{15CB6806-B0C6-4DE0-8B64-FF5B03602683}.Release|x64.Build.0 = Release
		{15CB6806-B0C6-4DE0-8B64-FF5B03602683}.Release|x86.ActiveCfg = Release
		{C104EC06-8922-4DEC-9A38-BDC17ECDAA64}.Debug|Any CPU.ActiveCfg = Debug|Any CPU
		{C104EC06-8922-4DEC-9A38-BDC17ECDAA64}.Debug|Any CPU.Build.0 = Debug|Any CPU
		{C104EC06-8922-4DEC-9A38-BDC17ECDAA64}.Debug|Mixed Platforms.ActiveCfg = Debug|Any CPU
		{C104EC06-8922-4DEC-9A38-BDC17ECDAA64}.Debug|Mixed Platforms.Build.0 = Debug|Any CPU
		{C104EC06-8922-4DEC-9A38-BDC17ECDAA64}.Debug|x64.ActiveCfg = Debug|Any CPU
		{C104EC06-8922-4DEC-9A38-BDC17ECDAA64}.Debug|x86.ActiveCfg = Debug|x86
		{C104EC06-8922-4DEC-9A38-BDC17ECDAA64}.Release|Any CPU.ActiveCfg = Release|Any CPU
		{C104EC06-8922-4DEC-9A38-BDC17ECDAA64}.Release|Any CPU.Build.0 = Release|Any CPU
		{C104EC06-8922-4DEC-9A38-BDC17ECDAA64}.Release|Mixed Platforms.ActiveCfg = Release|Any CPU
		{C104EC06-8922-4DEC-9A38-BDC17ECDAA64}.Release|Mixed Platforms.Build.0 = Release|Any CPU
		{C104EC06-8922-4DEC-9A38-BDC17ECDAA64}.Release|x64.ActiveCfg = Release|Any CPU
		{C104EC06-8922-4DEC-9A38-BDC17ECDAA64}.Release|x86.ActiveCfg = Release|Any CPU
		{0E1A1E85-70E9-4A1B-B0BA-0ECA79491268}.Debug|Any CPU.ActiveCfg = Debug|Any CPU
		{0E1A1E85-70E9-4A1B-B0BA-0ECA79491268}.Debug|Any CPU.Build.0 = Debug|Any CPU
		{0E1A1E85-70E9-4A1B-B0BA-0ECA79491268}.Debug|Mixed Platforms.ActiveCfg = Debug|Any CPU
		{0E1A1E85-70E9-4A1B-B0BA-0ECA79491268}.Debug|Mixed Platforms.Build.0 = Debug|Any CPU
		{0E1A1E85-70E9-4A1B-B0BA-0ECA79491268}.Debug|x64.ActiveCfg = Debug|Any CPU
		{0E1A1E85-70E9-4A1B-B0BA-0ECA79491268}.Debug|x86.ActiveCfg = Debug|Any CPU
		{0E1A1E85-70E9-4A1B-B0BA-0ECA79491268}.Release|Any CPU.ActiveCfg = Release|Any CPU
		{0E1A1E85-70E9-4A1B-B0BA-0ECA79491268}.Release|Any CPU.Build.0 = Release|Any CPU
		{0E1A1E85-70E9-4A1B-B0BA-0ECA79491268}.Release|Mixed Platforms.ActiveCfg = Release|Any CPU
		{0E1A1E85-70E9-4A1B-B0BA-0ECA79491268}.Release|Mixed Platforms.Build.0 = Release|Any CPU
		{0E1A1E85-70E9-4A1B-B0BA-0ECA79491268}.Release|x64.ActiveCfg = Release|Any CPU
		{0E1A1E85-70E9-4A1B-B0BA-0ECA79491268}.Release|x86.ActiveCfg = Release|Any CPU
		{2120AFA9-5932-410C-A157-86DADBBBD50C}.Debug|Any CPU.ActiveCfg = Debug|Any CPU
		{2120AFA9-5932-410C-A157-86DADBBBD50C}.Debug|Any CPU.Build.0 = Debug|Any CPU
		{2120AFA9-5932-410C-A157-86DADBBBD50C}.Debug|Mixed Platforms.ActiveCfg = Debug|Any CPU
		{2120AFA9-5932-410C-A157-86DADBBBD50C}.Debug|Mixed Platforms.Build.0 = Debug|Any CPU
		{2120AFA9-5932-410C-A157-86DADBBBD50C}.Debug|x64.ActiveCfg = Debug|Any CPU
		{2120AFA9-5932-410C-A157-86DADBBBD50C}.Debug|x86.ActiveCfg = Debug|Any CPU
		{2120AFA9-5932-410C-A157-86DADBBBD50C}.Release|Any CPU.ActiveCfg = Release|Any CPU
		{2120AFA9-5932-410C-A157-86DADBBBD50C}.Release|Any CPU.Build.0 = Release|Any CPU
		{2120AFA9-5932-410C-A157-86DADBBBD50C}.Release|Mixed Platforms.ActiveCfg = Release|Any CPU
		{2120AFA9-5932-410C-A157-86DADBBBD50C}.Release|Mixed Platforms.Build.0 = Release|Any CPU
		{2120AFA9-5932-410C-A157-86DADBBBD50C}.Release|x64.ActiveCfg = Release|Any CPU
		{2120AFA9-5932-410C-A157-86DADBBBD50C}.Release|x86.ActiveCfg = Release|Any CPU
		{21193777-ACA7-486C-815E-2CD536791184}.Debug|Any CPU.ActiveCfg = Debug|Any CPU
		{21193777-ACA7-486C-815E-2CD536791184}.Debug|Any CPU.Build.0 = Debug|Any CPU
		{21193777-ACA7-486C-815E-2CD536791184}.Debug|Mixed Platforms.ActiveCfg = Debug|Any CPU
		{21193777-ACA7-486C-815E-2CD536791184}.Debug|Mixed Platforms.Build.0 = Debug|Any CPU
		{21193777-ACA7-486C-815E-2CD536791184}.Debug|x64.ActiveCfg = Debug|Any CPU
		{21193777-ACA7-486C-815E-2CD536791184}.Debug|x86.ActiveCfg = Debug|Any CPU
		{21193777-ACA7-486C-815E-2CD536791184}.Release|Any CPU.ActiveCfg = Release|Any CPU
		{21193777-ACA7-486C-815E-2CD536791184}.Release|Any CPU.Build.0 = Release|Any CPU
		{21193777-ACA7-486C-815E-2CD536791184}.Release|Mixed Platforms.ActiveCfg = Release|Any CPU
		{21193777-ACA7-486C-815E-2CD536791184}.Release|Mixed Platforms.Build.0 = Release|Any CPU
		{21193777-ACA7-486C-815E-2CD536791184}.Release|x64.ActiveCfg = Release|Any CPU
		{21193777-ACA7-486C-815E-2CD536791184}.Release|x86.ActiveCfg = Release|Any CPU
		{329C81EC-EE9A-4447-8FD2-1EBC25ED246E}.Debug|Any CPU.ActiveCfg = Debug|Any CPU
		{329C81EC-EE9A-4447-8FD2-1EBC25ED246E}.Debug|Any CPU.Build.0 = Debug|Any CPU
		{329C81EC-EE9A-4447-8FD2-1EBC25ED246E}.Debug|Mixed Platforms.ActiveCfg = Debug|x86
		{329C81EC-EE9A-4447-8FD2-1EBC25ED246E}.Debug|Mixed Platforms.Build.0 = Debug|x86
		{329C81EC-EE9A-4447-8FD2-1EBC25ED246E}.Debug|x64.ActiveCfg = Debug|Any CPU
		{329C81EC-EE9A-4447-8FD2-1EBC25ED246E}.Debug|x86.ActiveCfg = Debug|x86
		{329C81EC-EE9A-4447-8FD2-1EBC25ED246E}.Debug|x86.Build.0 = Debug|x86
		{329C81EC-EE9A-4447-8FD2-1EBC25ED246E}.Release|Any CPU.ActiveCfg = Release|Any CPU
		{329C81EC-EE9A-4447-8FD2-1EBC25ED246E}.Release|Any CPU.Build.0 = Release|Any CPU
		{329C81EC-EE9A-4447-8FD2-1EBC25ED246E}.Release|Mixed Platforms.ActiveCfg = Release|x86
		{329C81EC-EE9A-4447-8FD2-1EBC25ED246E}.Release|Mixed Platforms.Build.0 = Release|x86
		{329C81EC-EE9A-4447-8FD2-1EBC25ED246E}.Release|x64.ActiveCfg = Release|Any CPU
		{329C81EC-EE9A-4447-8FD2-1EBC25ED246E}.Release|x86.ActiveCfg = Release|x86
		{329C81EC-EE9A-4447-8FD2-1EBC25ED246E}.Release|x86.Build.0 = Release|x86
		{392F987F-CFBA-4475-AE3B-114189E7E2AD}.Debug|Any CPU.ActiveCfg = Debug|Any CPU
		{392F987F-CFBA-4475-AE3B-114189E7E2AD}.Debug|Any CPU.Build.0 = Debug|Any CPU
		{392F987F-CFBA-4475-AE3B-114189E7E2AD}.Debug|Mixed Platforms.ActiveCfg = Debug|Any CPU
		{392F987F-CFBA-4475-AE3B-114189E7E2AD}.Debug|Mixed Platforms.Build.0 = Debug|Any CPU
		{392F987F-CFBA-4475-AE3B-114189E7E2AD}.Debug|x64.ActiveCfg = Debug|Any CPU
		{392F987F-CFBA-4475-AE3B-114189E7E2AD}.Debug|x86.ActiveCfg = Debug|Any CPU
		{392F987F-CFBA-4475-AE3B-114189E7E2AD}.Release|Any CPU.ActiveCfg = Release|Any CPU
		{392F987F-CFBA-4475-AE3B-114189E7E2AD}.Release|Any CPU.Build.0 = Release|Any CPU
		{392F987F-CFBA-4475-AE3B-114189E7E2AD}.Release|Mixed Platforms.ActiveCfg = Release|Any CPU
		{392F987F-CFBA-4475-AE3B-114189E7E2AD}.Release|Mixed Platforms.Build.0 = Release|Any CPU
		{392F987F-CFBA-4475-AE3B-114189E7E2AD}.Release|x64.ActiveCfg = Release|Any CPU
		{392F987F-CFBA-4475-AE3B-114189E7E2AD}.Release|x86.ActiveCfg = Release|Any CPU
		{ECC2B980-54ED-4AAD-BE84-68374D1EA8C8}.Debug|Any CPU.ActiveCfg = Debug
		{ECC2B980-54ED-4AAD-BE84-68374D1EA8C8}.Debug|Mixed Platforms.ActiveCfg = Debug
		{ECC2B980-54ED-4AAD-BE84-68374D1EA8C8}.Debug|x64.ActiveCfg = Debug
		{ECC2B980-54ED-4AAD-BE84-68374D1EA8C8}.Debug|x86.ActiveCfg = Debug
		{ECC2B980-54ED-4AAD-BE84-68374D1EA8C8}.Release|Any CPU.ActiveCfg = Release
		{ECC2B980-54ED-4AAD-BE84-68374D1EA8C8}.Release|Mixed Platforms.ActiveCfg = Release
		{ECC2B980-54ED-4AAD-BE84-68374D1EA8C8}.Release|x64.ActiveCfg = Release
		{ECC2B980-54ED-4AAD-BE84-68374D1EA8C8}.Release|x86.ActiveCfg = Release
		{6A88A0CC-FBDD-4F7B-8AD2-FC75CD16387B}.Debug|Any CPU.ActiveCfg = Debug|Any CPU
		{6A88A0CC-FBDD-4F7B-8AD2-FC75CD16387B}.Debug|Any CPU.Build.0 = Debug|Any CPU
		{6A88A0CC-FBDD-4F7B-8AD2-FC75CD16387B}.Debug|Mixed Platforms.ActiveCfg = Debug|Any CPU
		{6A88A0CC-FBDD-4F7B-8AD2-FC75CD16387B}.Debug|Mixed Platforms.Build.0 = Debug|Any CPU
		{6A88A0CC-FBDD-4F7B-8AD2-FC75CD16387B}.Debug|x64.ActiveCfg = Debug|Any CPU
		{6A88A0CC-FBDD-4F7B-8AD2-FC75CD16387B}.Debug|x64.Build.0 = Debug|Any CPU
		{6A88A0CC-FBDD-4F7B-8AD2-FC75CD16387B}.Debug|x86.ActiveCfg = Debug|Any CPU
		{6A88A0CC-FBDD-4F7B-8AD2-FC75CD16387B}.Debug|x86.Build.0 = Debug|Any CPU
		{6A88A0CC-FBDD-4F7B-8AD2-FC75CD16387B}.Release|Any CPU.ActiveCfg = Release|Any CPU
		{6A88A0CC-FBDD-4F7B-8AD2-FC75CD16387B}.Release|Any CPU.Build.0 = Release|Any CPU
		{6A88A0CC-FBDD-4F7B-8AD2-FC75CD16387B}.Release|Mixed Platforms.ActiveCfg = Release|Any CPU
		{6A88A0CC-FBDD-4F7B-8AD2-FC75CD16387B}.Release|Mixed Platforms.Build.0 = Release|Any CPU
		{6A88A0CC-FBDD-4F7B-8AD2-FC75CD16387B}.Release|x64.ActiveCfg = Release|Any CPU
		{6A88A0CC-FBDD-4F7B-8AD2-FC75CD16387B}.Release|x64.Build.0 = Release|Any CPU
		{6A88A0CC-FBDD-4F7B-8AD2-FC75CD16387B}.Release|x86.ActiveCfg = Release|Any CPU
		{6A88A0CC-FBDD-4F7B-8AD2-FC75CD16387B}.Release|x86.Build.0 = Release|Any CPU
		{8C854308-05CB-44B8-BDED-C225C337B6B0}.Debug|Any CPU.ActiveCfg = Debug|Any CPU
		{8C854308-05CB-44B8-BDED-C225C337B6B0}.Debug|Any CPU.Build.0 = Debug|Any CPU
		{8C854308-05CB-44B8-BDED-C225C337B6B0}.Debug|Mixed Platforms.ActiveCfg = Debug|Any CPU
		{8C854308-05CB-44B8-BDED-C225C337B6B0}.Debug|Mixed Platforms.Build.0 = Debug|Any CPU
		{8C854308-05CB-44B8-BDED-C225C337B6B0}.Debug|x64.ActiveCfg = Debug|Any CPU
		{8C854308-05CB-44B8-BDED-C225C337B6B0}.Debug|x64.Build.0 = Debug|Any CPU
		{8C854308-05CB-44B8-BDED-C225C337B6B0}.Debug|x86.ActiveCfg = Debug|Any CPU
		{8C854308-05CB-44B8-BDED-C225C337B6B0}.Debug|x86.Build.0 = Debug|Any CPU
		{8C854308-05CB-44B8-BDED-C225C337B6B0}.Release|Any CPU.ActiveCfg = Release|Any CPU
		{8C854308-05CB-44B8-BDED-C225C337B6B0}.Release|Any CPU.Build.0 = Release|Any CPU
		{8C854308-05CB-44B8-BDED-C225C337B6B0}.Release|Mixed Platforms.ActiveCfg = Release|Any CPU
		{8C854308-05CB-44B8-BDED-C225C337B6B0}.Release|Mixed Platforms.Build.0 = Release|Any CPU
		{8C854308-05CB-44B8-BDED-C225C337B6B0}.Release|x64.ActiveCfg = Release|Any CPU
		{8C854308-05CB-44B8-BDED-C225C337B6B0}.Release|x64.Build.0 = Release|Any CPU
		{8C854308-05CB-44B8-BDED-C225C337B6B0}.Release|x86.ActiveCfg = Release|Any CPU
		{8C854308-05CB-44B8-BDED-C225C337B6B0}.Release|x86.Build.0 = Release|Any CPU
		{0BE2243F-2D77-428D-BBF7-44784E3ABE4E}.Debug|Any CPU.ActiveCfg = Debug|Any CPU
		{0BE2243F-2D77-428D-BBF7-44784E3ABE4E}.Debug|Any CPU.Build.0 = Debug|Any CPU
		{0BE2243F-2D77-428D-BBF7-44784E3ABE4E}.Debug|Mixed Platforms.ActiveCfg = Debug|Any CPU
		{0BE2243F-2D77-428D-BBF7-44784E3ABE4E}.Debug|Mixed Platforms.Build.0 = Debug|Any CPU
		{0BE2243F-2D77-428D-BBF7-44784E3ABE4E}.Debug|x64.ActiveCfg = Debug|Any CPU
		{0BE2243F-2D77-428D-BBF7-44784E3ABE4E}.Debug|x64.Build.0 = Debug|Any CPU
		{0BE2243F-2D77-428D-BBF7-44784E3ABE4E}.Debug|x86.ActiveCfg = Debug|Any CPU
		{0BE2243F-2D77-428D-BBF7-44784E3ABE4E}.Debug|x86.Build.0 = Debug|Any CPU
		{0BE2243F-2D77-428D-BBF7-44784E3ABE4E}.Release|Any CPU.ActiveCfg = Release|Any CPU
		{0BE2243F-2D77-428D-BBF7-44784E3ABE4E}.Release|Any CPU.Build.0 = Release|Any CPU
		{0BE2243F-2D77-428D-BBF7-44784E3ABE4E}.Release|Mixed Platforms.ActiveCfg = Release|Any CPU
		{0BE2243F-2D77-428D-BBF7-44784E3ABE4E}.Release|Mixed Platforms.Build.0 = Release|Any CPU
		{0BE2243F-2D77-428D-BBF7-44784E3ABE4E}.Release|x64.ActiveCfg = Release|Any CPU
		{0BE2243F-2D77-428D-BBF7-44784E3ABE4E}.Release|x64.Build.0 = Release|Any CPU
		{0BE2243F-2D77-428D-BBF7-44784E3ABE4E}.Release|x86.ActiveCfg = Release|Any CPU
		{0BE2243F-2D77-428D-BBF7-44784E3ABE4E}.Release|x86.Build.0 = Release|Any CPU
		{018D5FCF-98F3-4F18-9A3D-E8026A90D305}.Debug|Any CPU.ActiveCfg = Debug|Any CPU
		{018D5FCF-98F3-4F18-9A3D-E8026A90D305}.Debug|Any CPU.Build.0 = Debug|Any CPU
		{018D5FCF-98F3-4F18-9A3D-E8026A90D305}.Debug|Mixed Platforms.ActiveCfg = Debug|Any CPU
		{018D5FCF-98F3-4F18-9A3D-E8026A90D305}.Debug|Mixed Platforms.Build.0 = Debug|Any CPU
		{018D5FCF-98F3-4F18-9A3D-E8026A90D305}.Debug|x64.ActiveCfg = Debug|Any CPU
		{018D5FCF-98F3-4F18-9A3D-E8026A90D305}.Debug|x64.Build.0 = Debug|Any CPU
		{018D5FCF-98F3-4F18-9A3D-E8026A90D305}.Debug|x86.ActiveCfg = Debug|Any CPU
		{018D5FCF-98F3-4F18-9A3D-E8026A90D305}.Debug|x86.Build.0 = Debug|Any CPU
		{018D5FCF-98F3-4F18-9A3D-E8026A90D305}.Release|Any CPU.ActiveCfg = Release|Any CPU
		{018D5FCF-98F3-4F18-9A3D-E8026A90D305}.Release|Any CPU.Build.0 = Release|Any CPU
		{018D5FCF-98F3-4F18-9A3D-E8026A90D305}.Release|Mixed Platforms.ActiveCfg = Release|Any CPU
		{018D5FCF-98F3-4F18-9A3D-E8026A90D305}.Release|Mixed Platforms.Build.0 = Release|Any CPU
		{018D5FCF-98F3-4F18-9A3D-E8026A90D305}.Release|x64.ActiveCfg = Release|Any CPU
		{018D5FCF-98F3-4F18-9A3D-E8026A90D305}.Release|x64.Build.0 = Release|Any CPU
		{018D5FCF-98F3-4F18-9A3D-E8026A90D305}.Release|x86.ActiveCfg = Release|Any CPU
		{018D5FCF-98F3-4F18-9A3D-E8026A90D305}.Release|x86.Build.0 = Release|Any CPU
		{AB279083-1244-4E33-A12E-E70574019A0B}.Debug|Any CPU.ActiveCfg = Debug|Any CPU
		{AB279083-1244-4E33-A12E-E70574019A0B}.Debug|Any CPU.Build.0 = Debug|Any CPU
		{AB279083-1244-4E33-A12E-E70574019A0B}.Debug|Mixed Platforms.ActiveCfg = Debug|Any CPU
		{AB279083-1244-4E33-A12E-E70574019A0B}.Debug|Mixed Platforms.Build.0 = Debug|Any CPU
		{AB279083-1244-4E33-A12E-E70574019A0B}.Debug|x64.ActiveCfg = Debug|Any CPU
		{AB279083-1244-4E33-A12E-E70574019A0B}.Debug|x64.Build.0 = Debug|Any CPU
		{AB279083-1244-4E33-A12E-E70574019A0B}.Debug|x86.ActiveCfg = Debug|Any CPU
		{AB279083-1244-4E33-A12E-E70574019A0B}.Debug|x86.Build.0 = Debug|Any CPU
		{AB279083-1244-4E33-A12E-E70574019A0B}.Release|Any CPU.ActiveCfg = Release|Any CPU
		{AB279083-1244-4E33-A12E-E70574019A0B}.Release|Any CPU.Build.0 = Release|Any CPU
		{AB279083-1244-4E33-A12E-E70574019A0B}.Release|Mixed Platforms.ActiveCfg = Release|Any CPU
		{AB279083-1244-4E33-A12E-E70574019A0B}.Release|Mixed Platforms.Build.0 = Release|Any CPU
		{AB279083-1244-4E33-A12E-E70574019A0B}.Release|x64.ActiveCfg = Release|Any CPU
		{AB279083-1244-4E33-A12E-E70574019A0B}.Release|x64.Build.0 = Release|Any CPU
		{AB279083-1244-4E33-A12E-E70574019A0B}.Release|x86.ActiveCfg = Release|Any CPU
		{AB279083-1244-4E33-A12E-E70574019A0B}.Release|x86.Build.0 = Release|Any CPU
	EndGlobalSection
	GlobalSection(SolutionProperties) = preSolution
		HideSolutionNode = FALSE
	EndGlobalSection
	GlobalSection(ExtensibilityGlobals) = postSolution
		SolutionGuid = {001F5D25-E043-41D2-B694-4CCC45C8D0D5}
	EndGlobalSection
EndGlobal
